
Microsoft Visual Studio Solution File, Format Version 12.00
# Visual Studio Version 17
VisualStudioVersion = 17.5.33627.172
MinimumVisualStudioVersion = 10.0.40219.1
Project("{FAE04EC0-301F-11D3-BF4B-00C04F79EFBC}") = "AppNetRazorMVC", "AppNetRazorMVC\AppNetRazorMVC.csproj", "{AE4BE359-BC57-49A4-A000-121C449EE681}"
EndProject
Global
	GlobalSection(SolutionConfigurationPlatforms) = preSolution
		Debug|Any CPU = Debug|Any CPU
		Release|Any CPU = Release|Any CPU
	EndGlobalSection
	GlobalSection(ProjectConfigurationPlatforms) = postSolution
		{AE4BE359-BC57-49A4-A000-121C449EE681}.Debug|Any CPU.ActiveCfg = Debug|Any CPU
		{AE4BE359-BC57-49A4-A000-121C449EE681}.Debug|Any CPU.Build.0 = Debug|Any CPU
		{AE4BE359-BC57-49A4-A000-121C449EE681}.Release|Any CPU.ActiveCfg = Release|Any CPU
		{AE4BE359-BC57-49A4-A000-121C449EE681}.Release|Any CPU.Build.0 = Release|Any CPU
	EndGlobalSection
	GlobalSection(SolutionProperties) = preSolution
		HideSolutionNode = FALSE
	EndGlobalSection
	GlobalSection(ExtensibilityGlobals) = postSolution
		SolutionGuid = {C37A46F3-FA47-4C3C-9D97-55F77569A555}
	EndGlobalSection
EndGlobal
